
Microsoft Visual Studio Solution File, Format Version 12.00
# Visual Studio Version 17
VisualStudioVersion = 17.6.33829.357
MinimumVisualStudioVersion = 10.0.40219.1
Project("{FAE04EC0-301F-11D3-BF4B-00C04F79EFBC}") = "Interface_example1", "Interface_example1\Interface_example1.csproj", "{2139C58C-472F-473F-805F-A11A8D39E54D}"
EndProject
Global
	GlobalSection(SolutionConfigurationPlatforms) = preSolution
		Debug|Any CPU = Debug|Any CPU
		Release|Any CPU = Release|Any CPU
	EndGlobalSection
	GlobalSection(ProjectConfigurationPlatforms) = postSolution
		{2139C58C-472F-473F-805F-A11A8D39E54D}.Debug|Any CPU.ActiveCfg = Debug|Any CPU
		{2139C58C-472F-473F-805F-A11A8D39E54D}.Debug|Any CPU.Build.0 = Debug|Any CPU
		{2139C58C-472F-473F-805F-A11A8D39E54D}.Release|Any CPU.ActiveCfg = Release|Any CPU
		{2139C58C-472F-473F-805F-A11A8D39E54D}.Release|Any CPU.Build.0 = Release|Any CPU
	EndGlobalSection
	GlobalSection(SolutionProperties) = preSolution
		HideSolutionNode = FALSE
	EndGlobalSection
	GlobalSection(ExtensibilityGlobals) = postSolution
		SolutionGuid = {E2C6C717-7EF1-4703-AC39-540CF1429C7C}
	EndGlobalSection
EndGlobal
